# THIS IS AN AUTOGENERATED FILE. DO NOT EDIT THIS FILE DIRECTLY.
# yarn lockfile v1


highlight.js@^9.15.8:
  version "9.15.8"
  resolved "https://registry.yarnpkg.com/highlight.js/-/highlight.js-9.15.8.tgz#f344fda123f36f1a65490e932cf90569e4999971"
  integrity sha512-RrapkKQWwE+wKdF73VsOa2RQdIoO3mxwJ4P8mhbI6KYJUraUHRKM5w5zQQKXNk0xNL4UVRdulV9SBJcmzJNzVA==

reset-css@^4.0.1:
  version "4.0.1"
  resolved "https://registry.yarnpkg.com/reset-css/-/reset-css-4.0.1.tgz#1f8456a8be478bc435ce9775b7878ec82cca6b05"
  integrity sha512-aQFi5IxXVegVTfz0hOmXsPSmc8tlPDQOkfatHfPu3Cm6id7UXM4OzXfsaUWJEgV2yrCngsagpIb3wHXPjKAx+Q==

reset.css@^2.0.2:
  version "2.0.2"
  resolved "https://registry.yarnpkg.com/reset.css/-/reset.css-2.0.2.tgz#9c01309c820b72e8f219ebcc8e1411949604f7d7"
  integrity sha1-nAEwnIILcujyGevMjhQRlJYE99c=

sass-mq@^5.0.0:
  version "5.0.0"
  resolved "https://registry.yarnpkg.com/sass-mq/-/sass-mq-5.0.0.tgz#7e8a8eb0f289591b3521549266f0ff923772809d"
  integrity sha512-GCN6wGY+l4n10mASeMe2vqISvEEFjv6/NVcywaMU9saZgzw+DKM+fUUAnv07LlxXvDdnHSRf5jGJ10u/iF1BKA==
